
Microsoft Visual Studio Solution File, Format Version 12.00
# Visual Studio Version 17
VisualStudioVersion = 17.4.33103.184
MinimumVisualStudioVersion = 10.0.40219.1
Project("{9A19103F-16F7-4668-BE54-9A1E7A4F7556}") = "TroedelMarkt", "TroedelMarkt\TroedelMarkt.csproj", "{72B73C0B-7CEA-4688-90C9-706878355433}"
EndProject
Global
	GlobalSection(SolutionConfigurationPlatforms) = preSolution
		Debug|Any CPU = Debug|Any CPU
		Release|Any CPU = Release|Any CPU
	EndGlobalSection
	GlobalSection(ProjectConfigurationPlatforms) = postSolution
		{72B73C0B-7CEA-4688-90C9-706878355433}.Debug|Any CPU.ActiveCfg = Debug|Any CPU
		{72B73C0B-7CEA-4688-90C9-706878355433}.Debug|Any CPU.Build.0 = Debug|Any CPU
		{72B73C0B-7CEA-4688-90C9-706878355433}.Release|Any CPU.ActiveCfg = Release|Any CPU
		{72B73C0B-7CEA-4688-90C9-706878355433}.Release|Any CPU.Build.0 = Release|Any CPU
	EndGlobalSection
	GlobalSection(SolutionProperties) = preSolution
		HideSolutionNode = FALSE
	EndGlobalSection
	GlobalSection(ExtensibilityGlobals) = postSolution
		SolutionGuid = {70F96B61-EE9E-4002-ADFA-47367B53C0B5}
	EndGlobalSection
EndGlobal
